
Microsoft Visual Studio Solution File, Format Version 12.00
# Visual Studio Version 17
VisualStudioVersion = 17.4.33403.182
MinimumVisualStudioVersion = 10.0.40219.1
Project("{9A19103F-16F7-4668-BE54-9A1E7A4F7556}") = "TestMetafar", "TestMetafar\TestMetafar.csproj", "{24ADB63F-E0F2-4D83-8308-00FD1B404BBD}"
EndProject
Global
	GlobalSection(SolutionConfigurationPlatforms) = preSolution
		Debug|Any CPU = Debug|Any CPU
		Release|Any CPU = Release|Any CPU
	EndGlobalSection
	GlobalSection(ProjectConfigurationPlatforms) = postSolution
		{24ADB63F-E0F2-4D83-8308-00FD1B404BBD}.Debug|Any CPU.ActiveCfg = Debug|Any CPU
		{24ADB63F-E0F2-4D83-8308-00FD1B404BBD}.Debug|Any CPU.Build.0 = Debug|Any CPU
		{24ADB63F-E0F2-4D83-8308-00FD1B404BBD}.Release|Any CPU.ActiveCfg = Release|Any CPU
		{24ADB63F-E0F2-4D83-8308-00FD1B404BBD}.Release|Any CPU.Build.0 = Release|Any CPU
	EndGlobalSection
	GlobalSection(SolutionProperties) = preSolution
		HideSolutionNode = FALSE
	EndGlobalSection
	GlobalSection(ExtensibilityGlobals) = postSolution
		SolutionGuid = {23705766-988A-4F58-8B98-B59C0B9E4617}
	EndGlobalSection
EndGlobal
